
Microsoft Visual Studio Solution File, Format Version 12.00
# Visual Studio Version 17
VisualStudioVersion = 17.6.33815.320
MinimumVisualStudioVersion = 10.0.40219.1
Project("{FAE04EC0-301F-11D3-BF4B-00C04F79EFBC}") = "ProcesoCRUD", "ProcesoCRUD\ProcesoCRUD.csproj", "{200710F4-C172-40FA-BD76-C49C298AB9FB}"
EndProject
Global
	GlobalSection(SolutionConfigurationPlatforms) = preSolution
		Debug|Any CPU = Debug|Any CPU
		Release|Any CPU = Release|Any CPU
	EndGlobalSection
	GlobalSection(ProjectConfigurationPlatforms) = postSolution
		{200710F4-C172-40FA-BD76-C49C298AB9FB}.Debug|Any CPU.ActiveCfg = Debug|Any CPU
		{200710F4-C172-40FA-BD76-C49C298AB9FB}.Debug|Any CPU.Build.0 = Debug|Any CPU
		{200710F4-C172-40FA-BD76-C49C298AB9FB}.Release|Any CPU.ActiveCfg = Release|Any CPU
		{200710F4-C172-40FA-BD76-C49C298AB9FB}.Release|Any CPU.Build.0 = Release|Any CPU
	EndGlobalSection
	GlobalSection(SolutionProperties) = preSolution
		HideSolutionNode = FALSE
	EndGlobalSection
	GlobalSection(ExtensibilityGlobals) = postSolution
		SolutionGuid = {00C8A78B-CBF0-4339-A39C-1AAD47AA86DE}
	EndGlobalSection
EndGlobal
